
Microsoft Visual Studio Solution File, Format Version 12.00
# Visual Studio Version 17
VisualStudioVersion = 17.1.32319.34
MinimumVisualStudioVersion = 10.0.40219.1
Project("{FAE04EC0-301F-11D3-BF4B-00C04F79EFBC}") = "SchulVP", "SchulVP\SchulVP.csproj", "{61F257E8-80CA-4F60-AE9E-572526EB0D86}"
EndProject
Project("{FAE04EC0-301F-11D3-BF4B-00C04F79EFBC}") = "SchulVPLanMonitor", "..\SchulVPLanMonitor\SchulVPLanMonitor\SchulVPLanMonitor.csproj", "{DA21F584-1D38-4075-9587-3B0EBCE8F271}"
EndProject
Global
	GlobalSection(SolutionConfigurationPlatforms) = preSolution
		Debug|Any CPU = Debug|Any CPU
		Release|Any CPU = Release|Any CPU
	EndGlobalSection
	GlobalSection(ProjectConfigurationPlatforms) = postSolution
		{61F257E8-80CA-4F60-AE9E-572526EB0D86}.Debug|Any CPU.ActiveCfg = Debug|Any CPU
		{61F257E8-80CA-4F60-AE9E-572526EB0D86}.Debug|Any CPU.Build.0 = Debug|Any CPU
		{61F257E8-80CA-4F60-AE9E-572526EB0D86}.Release|Any CPU.ActiveCfg = Release|Any CPU
		{61F257E8-80CA-4F60-AE9E-572526EB0D86}.Release|Any CPU.Build.0 = Release|Any CPU
		{DA21F584-1D38-4075-9587-3B0EBCE8F271}.Debug|Any CPU.ActiveCfg = Debug|Any CPU
		{DA21F584-1D38-4075-9587-3B0EBCE8F271}.Debug|Any CPU.Build.0 = Debug|Any CPU
		{DA21F584-1D38-4075-9587-3B0EBCE8F271}.Release|Any CPU.ActiveCfg = Release|Any CPU
		{DA21F584-1D38-4075-9587-3B0EBCE8F271}.Release|Any CPU.Build.0 = Release|Any CPU
	EndGlobalSection
	GlobalSection(SolutionProperties) = preSolution
		HideSolutionNode = FALSE
	EndGlobalSection
	GlobalSection(ExtensibilityGlobals) = postSolution
		SolutionGuid = {A2F7D331-90C7-486A-B97F-3F8D27DEF6D8}
	EndGlobalSection
EndGlobal
